// !$*UTF8*$!
{
	archiveVersion = 1;
	classes = {
	};
	objectVersion = 77;
	objects = {

/* Begin PBXContainerItemProxy section */
		F1BF36982DE07FCC00897EF5 /* PBXContainerItemProxy */ = {
			isa = PBXContainerItemProxy;
			containerPortal = F1BF36792DE07FCA00897EF5 /* Project object */;
			proxyType = 1;
			remoteGlobalIDString = F1BF36802DE07FCA00897EF5;
			remoteInfo = StreamSpree;
		};
		F1BF36A22DE07FCC00897EF5 /* PBXContainerItemProxy */ = {
			isa = PBXContainerItemProxy;
			containerPortal = F1BF36792DE07FCA00897EF5 /* Project object */;
			proxyType = 1;
			remoteGlobalIDString = F1BF36802DE07FCA00897EF5;
			remoteInfo = StreamSpree;
		};
/* End PBXContainerItemProxy section */

/* Begin PBXFileReference section */
		F1BF36812DE07FCA00897EF5 /* StreamSpree.app */ = {isa = PBXFileReference; explicitFileType = wrapper.application; includeInIndex = 0; path = StreamSpree.app; sourceTree = BUILT_PRODUCTS_DIR; };
		F1BF36972DE07FCC00897EF5 /* StreamSpreeTests.xctest */ = {isa = PBXFileReference; explicitFileType = wrapper.cfbundle; includeInIndex = 0; path = StreamSpreeTests.xctest; sourceTree = BUILT_PRODUCTS_DIR; };
		F1BF36A12DE07FCC00897EF5 /* StreamSpreeUITests.xctest */ = {isa = PBXFileReference; explicitFileType = wrapper.cfbundle; includeInIndex = 0; path = StreamSpreeUITests.xctest; sourceTree = BUILT_PRODUCTS_DIR; };
/* End PBXFileReference section */

/* Begin PBXFileSystemSynchronizedBuildFileExceptionSet section */
		F1BF36A92DE07FCC00897EF5 /* Exceptions for "StreamSpree" folder in "StreamSpree" target */ = {
			isa = PBXFileSystemSynchronizedBuildFileExceptionSet;
			membershipExceptions = (
				Info.plist,
			);
			target = F1BF36802DE07FCA00897EF5 /* StreamSpree */;
		};
/* End PBXFileSystemSynchronizedBuildFileExceptionSet section */

/* Begin PBXFileSystemSynchronizedRootGroup section */
		F1BF36832DE07FCA00897EF5 /* StreamSpree */ = {
			isa = PBXFileSystemSynchronizedRootGroup;
			exceptions = (
				F1BF36A92DE07FCC00897EF5 /* Exceptions for "StreamSpree" folder in "StreamSpree" target */,
			);
			path = StreamSpree;
			sourceTree = "<group>";
		};
		F1BF369A2DE07FCC00897EF5 /* StreamSpreeTests */ = {
			isa = PBXFileSystemSynchronizedRootGroup;
			path = StreamSpreeTests;
			sourceTree = "<group>";
		};
		F1BF36A42DE07FCC00897EF5 /* StreamSpreeUITests */ = {
			isa = PBXFileSystemSynchronizedRootGroup;
			path = StreamSpreeUITests;
			sourceTree = "<group>";
		};
/* End PBXFileSystemSynchronizedRootGroup section */

/* Begin PBXFrameworksBuildPhase section */
		F1BF367E2DE07FCA00897EF5 /* Frameworks */ = {
			isa = PBXFrameworksBuildPhase;
			buildActionMask = 2147483647;
			files = (
			);
			runOnlyForDeploymentPostprocessing = 0;
		};
		F1BF36942DE07FCC00897EF5 /* Frameworks */ = {
			isa = PBXFrameworksBuildPhase;
			buildActionMask = 2147483647;
			files = (
			);
			runOnlyForDeploymentPostprocessing = 0;
		};
		F1BF369E2DE07FCC00897EF5 /* Frameworks */ = {
			isa = PBXFrameworksBuildPhase;
			buildActionMask = 2147483647;
			files = (
			);
			runOnlyForDeploymentPostprocessing = 0;
		};
/* End PBXFrameworksBuildPhase section */

/* Begin PBXGroup section */
		F1BF36782DE07FCA00897EF5 = {
			isa = PBXGroup;
			children = (
				F1BF36832DE07FCA00897EF5 /* StreamSpree */,
				F1BF369A2DE07FCC00897EF5 /* StreamSpreeTests */,
				F1BF36A42DE07FCC00897EF5 /* StreamSpreeUITests */,
				F1BF36822DE07FCA00897EF5 /* Products */,
			);
			sourceTree = "<group>";
		};
		F1BF36822DE07FCA00897EF5 /* Products */ = {
			isa = PBXGroup;
			children = (
				F1BF36812DE07FCA00897EF5 /* StreamSpree.app */,
				F1BF36972DE07FCC00897EF5 /* StreamSpreeTests.xctest */,
				F1BF36A12DE07FCC00897EF5 /* StreamSpreeUITests.xctest */,
			);
			name = Products;
			sourceTree = "<group>";
		};
/* End PBXGroup section */

/* Begin PBXNativeTarget section */
		F1BF36802DE07FCA00897EF5 /* StreamSpree */ = {
			isa = PBXNativeTarget;
			buildConfigurationList = F1BF36AA2DE07FCC00897EF5 /* Build configuration list for PBXNativeTarget "StreamSpree" */;
			buildPhases = (
				F1BF367D2DE07FCA00897EF5 /* Sources */,
				F1BF367E2DE07FCA00897EF5 /* Frameworks */,
				F1BF367F2DE07FCA00897EF5 /* Resources */,
			);
			buildRules = (
			);
			dependencies = (
			);
			fileSystemSynchronizedGroups = (
				F1BF36832DE07FCA00897EF5 /* StreamSpree */,
			);
			name = StreamSpree;
			packageProductDependencies = (
			);
			productName = StreamSpree;
			productReference = F1BF36812DE07FCA00897EF5 /* StreamSpree.app */;
			productType = "com.apple.product-type.application";
		};
		F1BF36962DE07FCC00897EF5 /* StreamSpreeTests */ = {
			isa = PBXNativeTarget;
			buildConfigurationList = F1BF36AF2DE07FCC00897EF5 /* Build configuration list for PBXNativeTarget "StreamSpreeTests" */;
			buildPhases = (
				F1BF36932DE07FCC00897EF5 /* Sources */,
				F1BF36942DE07FCC00897EF5 /* Frameworks */,
				F1BF36952DE07FCC00897EF5 /* Resources */,
			);
			buildRules = (
			);
			dependencies = (
				F1BF36992DE07FCC00897EF5 /* PBXTargetDependency */,
			);
			fileSystemSynchronizedGroups = (
				F1BF369A2DE07FCC00897EF5 /* StreamSpreeTests */,
			);
			name = StreamSpreeTests;
			packageProductDependencies = (
			);
			productName = StreamSpreeTests;
			productReference = F1BF36972DE07FCC00897EF5 /* StreamSpreeTests.xctest */;
			productType = "com.apple.product-type.bundle.unit-test";
		};
		F1BF36A02DE07FCC00897EF5 /* StreamSpreeUITests */ = {
			isa = PBXNativeTarget;
			buildConfigurationList = F1BF36B22DE07FCC00897EF5 /* Build configuration list for PBXNativeTarget "StreamSpreeUITests" */;
			buildPhases = (
				F1BF369D2DE07FCC00897EF5 /* Sources */,
				F1BF369E2DE07FCC00897EF5 /* Frameworks */,
				F1BF369F2DE07FCC00897EF5 /* Resources */,
			);
			buildRules = (
			);
			dependencies = (
				F1BF36A32DE07FCC00897EF5 /* PBXTargetDependency */,
			);
			fileSystemSynchronizedGroups = (
				F1BF36A42DE07FCC00897EF5 /* StreamSpreeUITests */,
			);
			name = StreamSpreeUITests;
			packageProductDependencies = (
			);
			productName = StreamSpreeUITests;
			productReference = F1BF36A12DE07FCC00897EF5 /* StreamSpreeUITests.xctest */;
			productType = "com.apple.product-type.bundle.ui-testing";
		};
/* End PBXNativeTarget section */

/* Begin PBXProject section */
		F1BF36792DE07FCA00897EF5 /* Project object */ = {
			isa = PBXProject;
			attributes = {
				BuildIndependentTargetsInParallel = 1;
				LastSwiftUpdateCheck = 1630;
				LastUpgradeCheck = 1630;
				TargetAttributes = {
					F1BF36802DE07FCA00897EF5 = {
						CreatedOnToolsVersion = 16.3;
					};
					F1BF36962DE07FCC00897EF5 = {
						CreatedOnToolsVersion = 16.3;
						TestTargetID = F1BF36802DE07FCA00897EF5;
					};
					F1BF36A02DE07FCC00897EF5 = {
						CreatedOnToolsVersion = 16.3;
						TestTargetID = F1BF36802DE07FCA00897EF5;
					};
				};
			};
			buildConfigurationList = F1BF367C2DE07FCA00897EF5 /* Build configuration list for PBXProject "StreamSpree" */;
			developmentRegion = en;
			hasScannedForEncodings = 0;
			knownRegions = (
				en,
				Base,
			);
			mainGroup = F1BF36782DE07FCA00897EF5;
			minimizedProjectReferenceProxies = 1;
			preferredProjectObjectVersion = 77;
			productRefGroup = F1BF36822DE07FCA00897EF5 /* Products */;
			projectDirPath = "";
			projectRoot = "";
			targets = (
				F1BF36802DE07FCA00897EF5 /* StreamSpree */,
				F1BF36962DE07FCC00897EF5 /* StreamSpreeTests */,
				F1BF36A02DE07FCC00897EF5 /* StreamSpreeUITests */,
			);
		};
/* End PBXProject section */

/* Begin PBXResourcesBuildPhase section */
		F1BF367F2DE07FCA00897EF5 /* Resources */ = {
			isa = PBXResourcesBuildPhase;
			buildActionMask = 2147483647;
			files = (
			);
			runOnlyForDeploymentPostprocessing = 0;
		};
		F1BF36952DE07FCC00897EF5 /* Resources */ = {
			isa = PBXResourcesBuildPhase;
			buildActionMask = 2147483647;
			files = (
			);
			runOnlyForDeploymentPostprocessing = 0;
		};
		F1BF369F2DE07FCC00897EF5 /* Resources */ = {
			isa = PBXResourcesBuildPhase;
			buildActionMask = 2147483647;
			files = (
			);
			runOnlyForDeploymentPostprocessing = 0;
		};
/* End PBXResourcesBuildPhase section */

/* Begin PBXSourcesBuildPhase section */
		F1BF367D2DE07FCA00897EF5 /* Sources */ = {
			isa = PBXSourcesBuildPhase;
			buildActionMask = 2147483647;
			files = (
			);
			runOnlyForDeploymentPostprocessing = 0;
		};
		F1BF36932DE07FCC00897EF5 /* Sources */ = {
			isa = PBXSourcesBuildPhase;
			buildActionMask = 2147483647;
			files = (
			);
			runOnlyForDeploymentPostprocessing = 0;
		};
		F1BF369D2DE07FCC00897EF5 /* Sources */ = {
			isa = PBXSourcesBuildPhase;
			buildActionMask = 2147483647;
			files = (
			);
			runOnlyForDeploymentPostprocessing = 0;
		};
/* End PBXSourcesBuildPhase section */

/* Begin PBXTargetDependency section */
		F1BF36992DE07FCC00897EF5 /* PBXTargetDependency */ = {
			isa = PBXTargetDependency;
			target = F1BF36802DE07FCA00897EF5 /* StreamSpree */;
			targetProxy = F1BF36982DE07FCC00897EF5 /* PBXContainerItemProxy */;
		};
		F1BF36A32DE07FCC00897EF5 /* PBXTargetDependency */ = {
			isa = PBXTargetDependency;
			target = F1BF36802DE07FCA00897EF5 /* StreamSpree */;
			targetProxy = F1BF36A22DE07FCC00897EF5 /* PBXContainerItemProxy */;
		};
/* End PBXTargetDependency section */

/* Begin XCBuildConfiguration section */
		F1BF36AB2DE07FCC00897EF5 /* Debug */ = {
			isa = XCBuildConfiguration;
			buildSettings = {
				ASSETCATALOG_COMPILER_APPICON_NAME = AppIcon;
				ASSETCATALOG_COMPILER_GLOBAL_ACCENT_COLOR_NAME = AccentColor;
				CODE_SIGN_STYLE = Automatic;
				CURRENT_PROJECT_VERSION = 1;
				DEVELOPMENT_TEAM = AFXYLNW6L3;
				GENERATE_INFOPLIST_FILE = YES;
				INFOPLIST_FILE = StreamSpree/Info.plist;
				INFOPLIST_KEY_UIApplicationSupportsIndirectInputEvents = YES;
				INFOPLIST_KEY_UILaunchStoryboardName = LaunchScreen;
				INFOPLIST_KEY_UIMainStoryboardFile = Main;
				INFOPLIST_KEY_UISupportedInterfaceOrientations_iPad = "UIInterfaceOrientationPortrait UIInterfaceOrientationPortraitUpsideDown UIInterfaceOrientationLandscapeLeft UIInterfaceOrientationLandscapeRight";
				INFOPLIST_KEY_UISupportedInterfaceOrientations_iPhone = "UIInterfaceOrientationPortrait UIInterfaceOrientationLandscapeLeft UIInterfaceOrientationLandscapeRight";
				LD_RUNPATH_SEARCH_PATHS = (
					"$(inherited)",
					"@executable_path/Frameworks",
				);
				MARKETING_VERSION = 1.0;
				PRODUCT_BUNDLE_IDENTIFIER = zauTT.StreamSpree;
				PRODUCT_NAME = "$(TARGET_NAME)";
				SWIFT_EMIT_LOC_STRINGS = YES;
				SWIFT_VERSION = 5.0;
				TARGETED_DEVICE_FAMILY = "1,2";
			};
			name = Debug;
		};
		F1BF36AC2DE07FCC00897EF5 /* Release */ = {
			isa = XCBuildConfiguration;
			buildSettings = {
				ASSETCATALOG_COMPILER_APPICON_NAME = AppIcon;
				ASSETCATALOG_COMPILER_GLOBAL_ACCENT_COLOR_NAME = AccentColor;
				CODE_SIGN_STYLE = Automatic;
				CURRENT_PROJECT_VERSION = 1;
				DEVELOPMENT_TEAM = AFXYLNW6L3;
				GENERATE_INFOPLIST_FILE = YES;
				INFOPLIST_FILE = StreamSpree/Info.plist;
				INFOPLIST_KEY_UIApplicationSupportsIndirectInputEvents = YES;
				INFOPLIST_KEY_UILaunchStoryboardName = LaunchScreen;
				INFOPLIST_KEY_UIMainStoryboardFile = Main;
				INFOPLIST_KEY_UISupportedInterfaceOrientations_iPad = "UIInterfaceOrientationPortrait UIInterfaceOrientationPortraitUpsideDown UIInterfaceOrientationLandscapeLeft UIInterfaceOrientationLandscapeRight";
				INFOPLIST_KEY_UISupportedInterfaceOrientations_iPhone = "UIInterfaceOrientationPortrait UIInterfaceOrientationLandscapeLeft UIInterfaceOrientationLandscapeRight";
				LD_RUNPATH_SEARCH_PATHS = (
					"$(inherited)",
					"@executable_path/Frameworks",
				);
				MARKETING_VERSION = 1.0;
				PRODUCT_BUNDLE_IDENTIFIER = zauTT.StreamSpree;
				PRODUCT_NAME = "$(TARGET_NAME)";
				SWIFT_EMIT_LOC_STRINGS = YES;
				SWIFT_VERSION = 5.0;
				TARGETED_DEVICE_FAMILY = "1,2";
			};
			name = Release;
		};
		F1BF36AD2DE07FCC00897EF5 /* Debug */ = {
			isa = XCBuildConfiguration;
			buildSettings = {
				ALWAYS_SEARCH_USER_PATHS = NO;
				ASSETCATALOG_COMPILER_GENERATE_SWIFT_ASSET_SYMBOL_EXTENSIONS = YES;
				CLANG_ANALYZER_NONNULL = YES;
				CLANG_ANALYZER_NUMBER_OBJECT_CONVERSION = YES_AGGRESSIVE;
				CLANG_CXX_LANGUAGE_STANDARD = "gnu++20";
				CLANG_ENABLE_MODULES = YES;
				CLANG_ENABLE_OBJC_ARC = YES;
				CLANG_ENABLE_OBJC_WEAK = YES;
				CLANG_WARN_BLOCK_CAPTURE_AUTORELEASING = YES;
				CLANG_WARN_BOOL_CONVERSION = YES;
				CLANG_WARN_COMMA = YES;
				CLANG_WARN_CONSTANT_CONVERSION = YES;
				CLANG_WARN_DEPRECATED_OBJC_IMPLEMENTATIONS = YES;
				CLANG_WARN_DIRECT_OBJC_ISA_USAGE = YES_ERROR;
				CLANG_WARN_DOCUMENTATION_COMMENTS = YES;
				CLANG_WARN_EMPTY_BODY = YES;
				CLANG_WARN_ENUM_CONVERSION = YES;
				CLANG_WARN_INFINITE_RECURSION = YES;
				CLANG_WARN_INT_CONVERSION = YES;
				CLANG_WARN_NON_LITERAL_NULL_CONVERSION = YES;
				CLANG_WARN_OBJC_IMPLICIT_RETAIN_SELF = YES;
				CLANG_WARN_OBJC_LITERAL_CONVERSION = YES;
				CLANG_WARN_OBJC_ROOT_CLASS = YES_ERROR;
				CLANG_WARN_QUOTED_INCLUDE_IN_FRAMEWORK_HEADER = YES;
				CLANG_WARN_RANGE_LOOP_ANALYSIS = YES;
				CLANG_WARN_STRICT_PROTOTYPES = YES;
				CLANG_WARN_SUSPICIOUS_MOVE = YES;
				CLANG_WARN_UNGUARDED_AVAILABILITY = YES_AGGRESSIVE;
				CLANG_WARN_UNREACHABLE_CODE = YES;
				CLANG_WARN__DUPLICATE_METHOD_MATCH = YES;
				COPY_PHASE_STRIP = NO;
				DEBUG_INFORMATION_FORMAT = dwarf;
				DEVELOPMENT_TEAM = AFXYLNW6L3;
				ENABLE_STRICT_OBJC_MSGSEND = YES;
				ENABLE_TESTABILITY = YES;
				ENABLE_USER_SCRIPT_SANDBOXING = YES;
				GCC_C_LANGUAGE_STANDARD = gnu17;
				GCC_DYNAMIC_NO_PIC = NO;
				GCC_NO_COMMON_BLOCKS = YES;
				GCC_OPTIMIZATION_LEVEL = 0;
				GCC_PREPROCESSOR_DEFINITIONS = (
					"DEBUG=1",
					"$(inherited)",
				);
				GCC_WARN_64_TO_32_BIT_CONVERSION = YES;
				GCC_WARN_ABOUT_RETURN_TYPE = YES_ERROR;
				GCC_WARN_UNDECLARED_SELECTOR = YES;
				GCC_WARN_UNINITIALIZED_AUTOS = YES_AGGRESSIVE;
				GCC_WARN_UNUSED_FUNCTION = YES;
				GCC_WARN_UNUSED_VARIABLE = YES;
				IPHONEOS_DEPLOYMENT_TARGET = 18.4;
				LOCALIZATION_PREFERS_STRING_CATALOGS = YES;
				MTL_ENABLE_DEBUG_INFO = INCLUDE_SOURCE;
				MTL_FAST_MATH = YES;
				ONLY_ACTIVE_ARCH = YES;
				SDKROOT = iphoneos;
				SWIFT_ACTIVE_COMPILATION_CONDITIONS = "DEBUG $(inherited)";
				SWIFT_OPTIMIZATION_LEVEL = "-Onone";
			};
			name = Debug;
		};
		F1BF36AE2DE07FCC00897EF5 /* Release */ = {
			isa = XCBuildConfiguration;
			buildSettings = {
				ALWAYS_SEARCH_USER_PATHS = NO;
				ASSETCATALOG_COMPILER_GENERATE_SWIFT_ASSET_SYMBOL_EXTENSIONS = YES;
				CLANG_ANALYZER_NONNULL = YES;
				CLANG_ANALYZER_NUMBER_OBJECT_CONVERSION = YES_AGGRESSIVE;
				CLANG_CXX_LANGUAGE_STANDARD = "gnu++20";
				CLANG_ENABLE_MODULES = YES;
				CLANG_ENABLE_OBJC_ARC = YES;
				CLANG_ENABLE_OBJC_WEAK = YES;
				CLANG_WARN_BLOCK_CAPTURE_AUTORELEASING = YES;
				CLANG_WARN_BOOL_CONVERSION = YES;
				CLANG_WARN_COMMA = YES;
				CLANG_WARN_CONSTANT_CONVERSION = YES;
				CLANG_WARN_DEPRECATED_OBJC_IMPLEMENTATIONS = YES;
				CLANG_WARN_DIRECT_OBJC_ISA_USAGE = YES_ERROR;
				CLANG_WARN_DOCUMENTATION_COMMENTS = YES;
				CLANG_WARN_EMPTY_BODY = YES;
				CLANG_WARN_ENUM_CONVERSION = YES;
				CLANG_WARN_INFINITE_RECURSION = YES;
				CLANG_WARN_INT_CONVERSION = YES;
				CLANG_WARN_NON_LITERAL_NULL_CONVERSION = YES;
				CLANG_WARN_OBJC_IMPLICIT_RETAIN_SELF = YES;
				CLANG_WARN_OBJC_LITERAL_CONVERSION = YES;
				CLANG_WARN_OBJC_ROOT_CLASS = YES_ERROR;
				CLANG_WARN_QUOTED_INCLUDE_IN_FRAMEWORK_HEADER = YES;
				CLANG_WARN_RANGE_LOOP_ANALYSIS = YES;
				CLANG_WARN_STRICT_PROTOTYPES = YES;
				CLANG_WARN_SUSPICIOUS_MOVE = YES;
				CLANG_WARN_UNGUARDED_AVAILABILITY = YES_AGGRESSIVE;
				CLANG_WARN_UNREACHABLE_CODE = YES;
				CLANG_WARN__DUPLICATE_METHOD_MATCH = YES;
				COPY_PHASE_STRIP = NO;
				DEBUG_INFORMATION_FORMAT = "dwarf-with-dsym";
				DEVELOPMENT_TEAM = AFXYLNW6L3;
				ENABLE_NS_ASSERTIONS = NO;
				ENABLE_STRICT_OBJC_MSGSEND = YES;
				ENABLE_USER_SCRIPT_SANDBOXING = YES;
				GCC_C_LANGUAGE_STANDARD = gnu17;
				GCC_NO_COMMON_BLOCKS = YES;
				GCC_WARN_64_TO_32_BIT_CONVERSION = YES;
				GCC_WARN_ABOUT_RETURN_TYPE = YES_ERROR;
				GCC_WARN_UNDECLARED_SELECTOR = YES;
				GCC_WARN_UNINITIALIZED_AUTOS = YES_AGGRESSIVE;
				GCC_WARN_UNUSED_FUNCTION = YES;
				GCC_WARN_UNUSED_VARIABLE = YES;
				IPHONEOS_DEPLOYMENT_TARGET = 18.4;
				LOCALIZATION_PREFERS_STRING_CATALOGS = YES;
				MTL_ENABLE_DEBUG_INFO = NO;
				MTL_FAST_MATH = YES;
				SDKROOT = iphoneos;
				SWIFT_COMPILATION_MODE = wholemodule;
				VALIDATE_PRODUCT = YES;
			};
			name = Release;
		};
		F1BF36B02DE07FCC00897EF5 /* Debug */ = {
			isa = XCBuildConfiguration;
			buildSettings = {
				BUNDLE_LOADER = "$(TEST_HOST)";
				CODE_SIGN_STYLE = Automatic;
				CURRENT_PROJECT_VERSION = 1;
				DEVELOPMENT_TEAM = AFXYLNW6L3;
				GENERATE_INFOPLIST_FILE = YES;
				IPHONEOS_DEPLOYMENT_TARGET = 18.4;
				MARKETING_VERSION = 1.0;
				PRODUCT_BUNDLE_IDENTIFIER = zauTT.StreamSpreeTests;
				PRODUCT_NAME = "$(TARGET_NAME)";
				SWIFT_EMIT_LOC_STRINGS = NO;
				SWIFT_VERSION = 5.0;
				TARGETED_DEVICE_FAMILY = "1,2";
				TEST_HOST = "$(BUILT_PRODUCTS_DIR)/StreamSpree.app/$(BUNDLE_EXECUTABLE_FOLDER_PATH)/StreamSpree";
			};
			name = Debug;
		};
		F1BF36B12DE07FCC00897EF5 /* Release */ = {
			isa = XCBuildConfiguration;
			buildSettings = {
				BUNDLE_LOADER = "$(TEST_HOST)";
				CODE_SIGN_STYLE = Automatic;
				CURRENT_PROJECT_VERSION = 1;
				DEVELOPMENT_TEAM = AFXYLNW6L3;
				GENERATE_INFOPLIST_FILE = YES;
				IPHONEOS_DEPLOYMENT_TARGET = 18.4;
				MARKETING_VERSION = 1.0;
				PRODUCT_BUNDLE_IDENTIFIER = zauTT.StreamSpreeTests;
				PRODUCT_NAME = "$(TARGET_NAME)";
				SWIFT_EMIT_LOC_STRINGS = NO;
				SWIFT_VERSION = 5.0;
				TARGETED_DEVICE_FAMILY = "1,2";
				TEST_HOST = "$(BUILT_PRODUCTS_DIR)/StreamSpree.app/$(BUNDLE_EXECUTABLE_FOLDER_PATH)/StreamSpree";
			};
			name = Release;
		};
		F1BF36B32DE07FCC00897EF5 /* Debug */ = {
			isa = XCBuildConfiguration;
			buildSettings = {
				CODE_SIGN_STYLE = Automatic;
				CURRENT_PROJECT_VERSION = 1;
				DEVELOPMENT_TEAM = AFXYLNW6L3;
				GENERATE_INFOPLIST_FILE = YES;
				MARKETING_VERSION = 1.0;
				PRODUCT_BUNDLE_IDENTIFIER = zauTT.StreamSpreeUITests;
				PRODUCT_NAME = "$(TARGET_NAME)";
				SWIFT_EMIT_LOC_STRINGS = NO;
				SWIFT_VERSION = 5.0;
				TARGETED_DEVICE_FAMILY = "1,2";
				TEST_TARGET_NAME = StreamSpree;
			};
			name = Debug;
		};
		F1BF36B42DE07FCC00897EF5 /* Release */ = {
			isa = XCBuildConfiguration;
			buildSettings = {
				CODE_SIGN_STYLE = Automatic;
				CURRENT_PROJECT_VERSION = 1;
				DEVELOPMENT_TEAM = AFXYLNW6L3;
				GENERATE_INFOPLIST_FILE = YES;
				MARKETING_VERSION = 1.0;
				PRODUCT_BUNDLE_IDENTIFIER = zauTT.StreamSpreeUITests;
				PRODUCT_NAME = "$(TARGET_NAME)";
				SWIFT_EMIT_LOC_STRINGS = NO;
				SWIFT_VERSION = 5.0;
				TARGETED_DEVICE_FAMILY = "1,2";
				TEST_TARGET_NAME = StreamSpree;
			};
			name = Release;
		};
/* End XCBuildConfiguration section */

/* Begin XCConfigurationList section */
		F1BF367C2DE07FCA00897EF5 /* Build configuration list for PBXProject "StreamSpree" */ = {
			isa = XCConfigurationList;
			buildConfigurations = (
				F1BF36AD2DE07FCC00897EF5 /* Debug */,
				F1BF36AE2DE07FCC00897EF5 /* Release */,
			);
			defaultConfigurationIsVisible = 0;
			defaultConfigurationName = Release;
		};
		F1BF36AA2DE07FCC00897EF5 /* Build configuration list for PBXNativeTarget "StreamSpree" */ = {
			isa = XCConfigurationList;
			buildConfigurations = (
				F1BF36AB2DE07FCC00897EF5 /* Debug */,
				F1BF36AC2DE07FCC00897EF5 /* Release */,
			);
			defaultConfigurationIsVisible = 0;
			defaultConfigurationName = Release;
		};
		F1BF36AF2DE07FCC00897EF5 /* Build configuration list for PBXNativeTarget "StreamSpreeTests" */ = {
			isa = XCConfigurationList;
			buildConfigurations = (
				F1BF36B02DE07FCC00897EF5 /* Debug */,
				F1BF36B12DE07FCC00897EF5 /* Release */,
			);
			defaultConfigurationIsVisible = 0;
			defaultConfigurationName = Release;
		};
		F1BF36B22DE07FCC00897EF5 /* Build configuration list for PBXNativeTarget "StreamSpreeUITests" */ = {
			isa = XCConfigurationList;
			buildConfigurations = (
				F1BF36B32DE07FCC00897EF5 /* Debug */,
				F1BF36B42DE07FCC00897EF5 /* Release */,
			);
			defaultConfigurationIsVisible = 0;
			defaultConfigurationName = Release;
		};
/* End XCConfigurationList section */
	};
	rootObject = F1BF36792DE07FCA00897EF5 /* Project object */;
}
